# THIS IS AN AUTOGENERATED FILE. DO NOT EDIT THIS FILE DIRECTLY.
# yarn lockfile v1


"@types/jest-diff@*":
  version "20.0.1"
  resolved "https://registry.yarnpkg.com/@types/jest-diff/-/jest-diff-20.0.1.tgz#35cc15b9c4f30a18ef21852e255fdb02f6d59b89"
  integrity sha512-yALhelO3i0hqZwhjtcr6dYyaLoCHbAMshwtj6cGxTvHZAKXHsYGdff6E8EPw3xLKY0ELUTQ69Q1rQiJENnccMA==

"@types/jest@^24.0.15":
  version "24.0.15"
  resolved "https://registry.yarnpkg.com/@types/jest/-/jest-24.0.15.tgz#6c42d5af7fe3b44ffff7cc65de7bf741e8fa427f"
  integrity sha512-MU1HIvWUme74stAoc3mgAi+aMlgKOudgEvQDIm1v4RkrDudBh1T+NFp5sftpBAdXdx1J0PbdpJ+M2EsSOi1djA==
  dependencies:
    "@types/jest-diff" "*"

"@types/node@^12.6.2":
  version "12.6.2"
  resolved "https://registry.yarnpkg.com/@types/node/-/node-12.6.2.tgz#a5ccec6abb6060d5f20d256fb03ed743e9774999"
  integrity sha512-gojym4tX0FWeV2gsW4Xmzo5wxGjXGm550oVUII7f7G5o4BV6c7DBdiG1RRQd+y1bvqRyYtPfMK85UM95vsapqQ==

"@types/prop-types@*":
  version "15.7.1"
  resolved "https://registry.yarnpkg.com/@types/prop-types/-/prop-types-15.7.1.tgz#f1a11e7babb0c3cad68100be381d1e064c68f1f6"
  integrity sha512-CFzn9idOEpHrgdw8JsoTkaDDyRWk1jrzIV8djzcgpq0y9tG4B4lFT+Nxh52DVpDXV+n4+NPNv7M1Dj5uMp6XFg==

"@types/react-dom@^16.8.4":
  version "16.8.4"
  resolved "https://registry.yarnpkg.com/@types/react-dom/-/react-dom-16.8.4.tgz#7fb7ba368857c7aa0f4e4511c4710ca2c5a12a88"
  integrity sha512-eIRpEW73DCzPIMaNBDP5pPIpK1KXyZwNgfxiVagb5iGiz6da+9A5hslSX6GAQKdO7SayVCS/Fr2kjqprgAvkfA==
  dependencies:
    "@types/react" "*"

"@types/react@*", "@types/react@^16.8.23":
  version "16.8.23"
  resolved "https://registry.yarnpkg.com/@types/react/-/react-16.8.23.tgz#ec6be3ceed6353a20948169b6cb4c97b65b97ad2"
  integrity sha512-abkEOIeljniUN9qB5onp++g0EY38h7atnDHxwKUFz1r3VH1+yG1OKi2sNPTyObL40goBmfKFpdii2lEzwLX1cA==
  dependencies:
    "@types/prop-types" "*"
    csstype "^2.2.0"

csstype@^2.2.0:
  version "2.6.6"
  resolved "https://registry.yarnpkg.com/csstype/-/csstype-2.6.6.tgz#c34f8226a94bbb10c32cc0d714afdf942291fc41"
  integrity sha512-RpFbQGUE74iyPgvr46U9t1xoQBM8T4BL8SxrN66Le2xYAPSaDJJKeztV3awugusb3g3G9iL8StmkBBXhcbbXhg==

typescript@^3.5.3:
  version "3.5.3"
  resolved "https://registry.yarnpkg.com/typescript/-/typescript-3.5.3.tgz#c830f657f93f1ea846819e929092f5fe5983e977"
  integrity sha512-ACzBtm/PhXBDId6a6sDJfroT2pOWt/oOnk4/dElG5G33ZL776N3Y6/6bKZJBFpd+b05F3Ct9qDjMeJmRWtE2/g==
